// !$*UTF8*$!
{
	archiveVersion = 1;
	classes = {
	};
	objectVersion = 56;
	objects = {

/* Begin PBXBuildFile section */
		9652C47F2B989E60000AAC94 /* AppDelegate.m in Sources */ = {isa = PBXBuildFile; fileRef = 9652C47E2B989E60000AAC94 /* AppDelegate.m */; };
		9652C4822B989E60000AAC94 /* SceneDelegate.m in Sources */ = {isa = PBXBuildFile; fileRef = 9652C4812B989E60000AAC94 /* SceneDelegate.m */; };
		9652C4852B989E60000AAC94 /* ViewController.m in Sources */ = {isa = PBXBuildFile; fileRef = 9652C4842B989E60000AAC94 /* ViewController.m */; };
		9652C4882B989E60000AAC94 /* Main.storyboard in Resources */ = {isa = PBXBuildFile; fileRef = 9652C4862B989E60000AAC94 /* Main.storyboard */; };
		9652C48A2B989E63000AAC94 /* Assets.xcassets in Resources */ = {isa = PBXBuildFile; fileRef = 9652C4892B989E63000AAC94 /* Assets.xcassets */; };
		9652C48D2B989E63000AAC94 /* LaunchScreen.storyboard in Resources */ = {isa = PBXBuildFile; fileRef = 9652C48B2B989E63000AAC94 /* LaunchScreen.storyboard */; };
		9652C4902B989E63000AAC94 /* main.m in Sources */ = {isa = PBXBuildFile; fileRef = 9652C48F2B989E63000AAC94 /* main.m */; };
		9652C49A2B989E63000AAC94 /* SimpleQuizAppForObjectiveCTests.m in Sources */ = {isa = PBXBuildFile; fileRef = 9652C4992B989E63000AAC94 /* SimpleQuizAppForObjectiveCTests.m */; };
		9652C4A42B989E63000AAC94 /* SimpleQuizAppForObjectiveCUITests.m in Sources */ = {isa = PBXBuildFile; fileRef = 9652C4A32B989E63000AAC94 /* SimpleQuizAppForObjectiveCUITests.m */; };
		9652C4A62B989E63000AAC94 /* SimpleQuizAppForObjectiveCUITestsLaunchTests.m in Sources */ = {isa = PBXBuildFile; fileRef = 9652C4A52B989E63000AAC94 /* SimpleQuizAppForObjectiveCUITestsLaunchTests.m */; };
/* End PBXBuildFile section */

/* Begin PBXContainerItemProxy section */
		9652C4962B989E63000AAC94 /* PBXContainerItemProxy */ = {
			isa = PBXContainerItemProxy;
			containerPortal = 9652C4722B989E60000AAC94 /* Project object */;
			proxyType = 1;
			remoteGlobalIDString = 9652C4792B989E60000AAC94;
			remoteInfo = SimpleQuizAppForObjectiveC;
		};
		9652C4A02B989E63000AAC94 /* PBXContainerItemProxy */ = {
			isa = PBXContainerItemProxy;
			containerPortal = 9652C4722B989E60000AAC94 /* Project object */;
			proxyType = 1;
			remoteGlobalIDString = 9652C4792B989E60000AAC94;
			remoteInfo = SimpleQuizAppForObjectiveC;
		};
/* End PBXContainerItemProxy section */

/* Begin PBXFileReference section */
		9652C47A2B989E60000AAC94 /* SimpleQuizAppForObjectiveC.app */ = {isa = PBXFileReference; explicitFileType = wrapper.application; includeInIndex = 0; path = SimpleQuizAppForObjectiveC.app; sourceTree = BUILT_PRODUCTS_DIR; };
		9652C47D2B989E60000AAC94 /* AppDelegate.h */ = {isa = PBXFileReference; lastKnownFileType = sourcecode.c.h; path = AppDelegate.h; sourceTree = "<group>"; };
		9652C47E2B989E60000AAC94 /* AppDelegate.m */ = {isa = PBXFileReference; lastKnownFileType = sourcecode.c.objc; path = AppDelegate.m; sourceTree = "<group>"; };
		9652C4802B989E60000AAC94 /* SceneDelegate.h */ = {isa = PBXFileReference; lastKnownFileType = sourcecode.c.h; path = SceneDelegate.h; sourceTree = "<group>"; };
		9652C4812B989E60000AAC94 /* SceneDelegate.m */ = {isa = PBXFileReference; lastKnownFileType = sourcecode.c.objc; path = SceneDelegate.m; sourceTree = "<group>"; };
		9652C4832B989E60000AAC94 /* ViewController.h */ = {isa = PBXFileReference; lastKnownFileType = sourcecode.c.h; path = ViewController.h; sourceTree = "<group>"; };
		9652C4842B989E60000AAC94 /* ViewController.m */ = {isa = PBXFileReference; lastKnownFileType = sourcecode.c.objc; path = ViewController.m; sourceTree = "<group>"; };
		9652C4872B989E60000AAC94 /* Base */ = {isa = PBXFileReference; lastKnownFileType = file.storyboard; name = Base; path = Base.lproj/Main.storyboard; sourceTree = "<group>"; };
		9652C4892B989E63000AAC94 /* Assets.xcassets */ = {isa = PBXFileReference; lastKnownFileType = folder.assetcatalog; path = Assets.xcassets; sourceTree = "<group>"; };
		9652C48C2B989E63000AAC94 /* Base */ = {isa = PBXFileReference; lastKnownFileType = file.storyboard; name = Base; path = Base.lproj/LaunchScreen.storyboard; sourceTree = "<group>"; };
		9652C48E2B989E63000AAC94 /* Info.plist */ = {isa = PBXFileReference; lastKnownFileType = text.plist.xml; path = Info.plist; sourceTree = "<group>"; };
		9652C48F2B989E63000AAC94 /* main.m */ = {isa = PBXFileReference; lastKnownFileType = sourcecode.c.objc; path = main.m; sourceTree = "<group>"; };
		9652C4952B989E63000AAC94 /* SimpleQuizAppForObjectiveCTests.xctest */ = {isa = PBXFileReference; explicitFileType = wrapper.cfbundle; includeInIndex = 0; path = SimpleQuizAppForObjectiveCTests.xctest; sourceTree = BUILT_PRODUCTS_DIR; };
		9652C4992B989E63000AAC94 /* SimpleQuizAppForObjectiveCTests.m */ = {isa = PBXFileReference; lastKnownFileType = sourcecode.c.objc; path = SimpleQuizAppForObjectiveCTests.m; sourceTree = "<group>"; };
		9652C49F2B989E63000AAC94 /* SimpleQuizAppForObjectiveCUITests.xctest */ = {isa = PBXFileReference; explicitFileType = wrapper.cfbundle; includeInIndex = 0; path = SimpleQuizAppForObjectiveCUITests.xctest; sourceTree = BUILT_PRODUCTS_DIR; };
		9652C4A32B989E63000AAC94 /* SimpleQuizAppForObjectiveCUITests.m */ = {isa = PBXFileReference; lastKnownFileType = sourcecode.c.objc; path = SimpleQuizAppForObjectiveCUITests.m; sourceTree = "<group>"; };
		9652C4A52B989E63000AAC94 /* SimpleQuizAppForObjectiveCUITestsLaunchTests.m */ = {isa = PBXFileReference; lastKnownFileType = sourcecode.c.objc; path = SimpleQuizAppForObjectiveCUITestsLaunchTests.m; sourceTree = "<group>"; };
/* End PBXFileReference section */

/* Begin PBXFrameworksBuildPhase section */
		9652C4772B989E60000AAC94 /* Frameworks */ = {
			isa = PBXFrameworksBuildPhase;
			buildActionMask = 2147483647;
			files = (
			);
			runOnlyForDeploymentPostprocessing = 0;
		};
		9652C4922B989E63000AAC94 /* Frameworks */ = {
			isa = PBXFrameworksBuildPhase;
			buildActionMask = 2147483647;
			files = (
			);
			runOnlyForDeploymentPostprocessing = 0;
		};
		9652C49C2B989E63000AAC94 /* Frameworks */ = {
			isa = PBXFrameworksBuildPhase;
			buildActionMask = 2147483647;
			files = (
			);
			runOnlyForDeploymentPostprocessing = 0;
		};
/* End PBXFrameworksBuildPhase section */

/* Begin PBXGroup section */
		9652C4712B989E60000AAC94 = {
			isa = PBXGroup;
			children = (
				9652C47C2B989E60000AAC94 /* SimpleQuizAppForObjectiveC */,
				9652C4982B989E63000AAC94 /* SimpleQuizAppForObjectiveCTests */,
				9652C4A22B989E63000AAC94 /* SimpleQuizAppForObjectiveCUITests */,
				9652C47B2B989E60000AAC94 /* Products */,
			);
			sourceTree = "<group>";
		};
		9652C47B2B989E60000AAC94 /* Products */ = {
			isa = PBXGroup;
			children = (
				9652C47A2B989E60000AAC94 /* SimpleQuizAppForObjectiveC.app */,
				9652C4952B989E63000AAC94 /* SimpleQuizAppForObjectiveCTests.xctest */,
				9652C49F2B989E63000AAC94 /* SimpleQuizAppForObjectiveCUITests.xctest */,
			);
			name = Products;
			sourceTree = "<group>";
		};
		9652C47C2B989E60000AAC94 /* SimpleQuizAppForObjectiveC */ = {
			isa = PBXGroup;
			children = (
				9652C47D2B989E60000AAC94 /* AppDelegate.h */,
				9652C47E2B989E60000AAC94 /* AppDelegate.m */,
				9652C4802B989E60000AAC94 /* SceneDelegate.h */,
				9652C4812B989E60000AAC94 /* SceneDelegate.m */,
				9652C4832B989E60000AAC94 /* ViewController.h */,
				9652C4842B989E60000AAC94 /* ViewController.m */,
				9652C4862B989E60000AAC94 /* Main.storyboard */,
				9652C4892B989E63000AAC94 /* Assets.xcassets */,
				9652C48B2B989E63000AAC94 /* LaunchScreen.storyboard */,
				9652C48E2B989E63000AAC94 /* Info.plist */,
				9652C48F2B989E63000AAC94 /* main.m */,
			);
			path = SimpleQuizAppForObjectiveC;
			sourceTree = "<group>";
		};
		9652C4982B989E63000AAC94 /* SimpleQuizAppForObjectiveCTests */ = {
			isa = PBXGroup;
			children = (
				9652C4992B989E63000AAC94 /* SimpleQuizAppForObjectiveCTests.m */,
			);
			path = SimpleQuizAppForObjectiveCTests;
			sourceTree = "<group>";
		};
		9652C4A22B989E63000AAC94 /* SimpleQuizAppForObjectiveCUITests */ = {
			isa = PBXGroup;
			children = (
				9652C4A32B989E63000AAC94 /* SimpleQuizAppForObjectiveCUITests.m */,
				9652C4A52B989E63000AAC94 /* SimpleQuizAppForObjectiveCUITestsLaunchTests.m */,
			);
			path = SimpleQuizAppForObjectiveCUITests;
			sourceTree = "<group>";
		};
/* End PBXGroup section */

/* Begin PBXNativeTarget section */
		9652C4792B989E60000AAC94 /* SimpleQuizAppForObjectiveC */ = {
			isa = PBXNativeTarget;
			buildConfigurationList = 9652C4A92B989E63000AAC94 /* Build configuration list for PBXNativeTarget "SimpleQuizAppForObjectiveC" */;
			buildPhases = (
				9652C4762B989E60000AAC94 /* Sources */,
				9652C4772B989E60000AAC94 /* Frameworks */,
				9652C4782B989E60000AAC94 /* Resources */,
			);
			buildRules = (
			);
			dependencies = (
			);
			name = SimpleQuizAppForObjectiveC;
			productName = SimpleQuizAppForObjectiveC;
			productReference = 9652C47A2B989E60000AAC94 /* SimpleQuizAppForObjectiveC.app */;
			productType = "com.apple.product-type.application";
		};
		9652C4942B989E63000AAC94 /* SimpleQuizAppForObjectiveCTests */ = {
			isa = PBXNativeTarget;
			buildConfigurationList = 9652C4AC2B989E63000AAC94 /* Build configuration list for PBXNativeTarget "SimpleQuizAppForObjectiveCTests" */;
			buildPhases = (
				9652C4912B989E63000AAC94 /* Sources */,
				9652C4922B989E63000AAC94 /* Frameworks */,
				9652C4932B989E63000AAC94 /* Resources */,
			);
			buildRules = (
			);
			dependencies = (
				9652C4972B989E63000AAC94 /* PBXTargetDependency */,
			);
			name = SimpleQuizAppForObjectiveCTests;
			productName = SimpleQuizAppForObjectiveCTests;
			productReference = 9652C4952B989E63000AAC94 /* SimpleQuizAppForObjectiveCTests.xctest */;
			productType = "com.apple.product-type.bundle.unit-test";
		};
		9652C49E2B989E63000AAC94 /* SimpleQuizAppForObjectiveCUITests */ = {
			isa = PBXNativeTarget;
			buildConfigurationList = 9652C4AF2B989E63000AAC94 /* Build configuration list for PBXNativeTarget "SimpleQuizAppForObjectiveCUITests" */;
			buildPhases = (
				9652C49B2B989E63000AAC94 /* Sources */,
				9652C49C2B989E63000AAC94 /* Frameworks */,
				9652C49D2B989E63000AAC94 /* Resources */,
			);
			buildRules = (
			);
			dependencies = (
				9652C4A12B989E63000AAC94 /* PBXTargetDependency */,
			);
			name = SimpleQuizAppForObjectiveCUITests;
			productName = SimpleQuizAppForObjectiveCUITests;
			productReference = 9652C49F2B989E63000AAC94 /* SimpleQuizAppForObjectiveCUITests.xctest */;
			productType = "com.apple.product-type.bundle.ui-testing";
		};
/* End PBXNativeTarget section */

/* Begin PBXProject section */
		9652C4722B989E60000AAC94 /* Project object */ = {
			isa = PBXProject;
			attributes = {
				BuildIndependentTargetsInParallel = 1;
				LastUpgradeCheck = 1520;
				TargetAttributes = {
					9652C4792B989E60000AAC94 = {
						CreatedOnToolsVersion = 15.2;
					};
					9652C4942B989E63000AAC94 = {
						CreatedOnToolsVersion = 15.2;
						TestTargetID = 9652C4792B989E60000AAC94;
					};
					9652C49E2B989E63000AAC94 = {
						CreatedOnToolsVersion = 15.2;
						TestTargetID = 9652C4792B989E60000AAC94;
					};
				};
			};
			buildConfigurationList = 9652C4752B989E60000AAC94 /* Build configuration list for PBXProject "SimpleQuizAppForObjectiveC" */;
			compatibilityVersion = "Xcode 14.0";
			developmentRegion = en;
			hasScannedForEncodings = 0;
			knownRegions = (
				en,
				Base,
			);
			mainGroup = 9652C4712B989E60000AAC94;
			productRefGroup = 9652C47B2B989E60000AAC94 /* Products */;
			projectDirPath = "";
			projectRoot = "";
			targets = (
				9652C4792B989E60000AAC94 /* SimpleQuizAppForObjectiveC */,
				9652C4942B989E63000AAC94 /* SimpleQuizAppForObjectiveCTests */,
				9652C49E2B989E63000AAC94 /* SimpleQuizAppForObjectiveCUITests */,
			);
		};
/* End PBXProject section */

/* Begin PBXResourcesBuildPhase section */
		9652C4782B989E60000AAC94 /* Resources */ = {
			isa = PBXResourcesBuildPhase;
			buildActionMask = 2147483647;
			files = (
				9652C48D2B989E63000AAC94 /* LaunchScreen.storyboard in Resources */,
				9652C48A2B989E63000AAC94 /* Assets.xcassets in Resources */,
				9652C4882B989E60000AAC94 /* Main.storyboard in Resources */,
			);
			runOnlyForDeploymentPostprocessing = 0;
		};
		9652C4932B989E63000AAC94 /* Resources */ = {
			isa = PBXResourcesBuildPhase;
			buildActionMask = 2147483647;
			files = (
			);
			runOnlyForDeploymentPostprocessing = 0;
		};
		9652C49D2B989E63000AAC94 /* Resources */ = {
			isa = PBXResourcesBuildPhase;
			buildActionMask = 2147483647;
			files = (
			);
			runOnlyForDeploymentPostprocessing = 0;
		};
/* End PBXResourcesBuildPhase section */

/* Begin PBXSourcesBuildPhase section */
		9652C4762B989E60000AAC94 /* Sources */ = {
			isa = PBXSourcesBuildPhase;
			buildActionMask = 2147483647;
			files = (
				9652C4852B989E60000AAC94 /* ViewController.m in Sources */,
				9652C47F2B989E60000AAC94 /* AppDelegate.m in Sources */,
				9652C4902B989E63000AAC94 /* main.m in Sources */,
				9652C4822B989E60000AAC94 /* SceneDelegate.m in Sources */,
			);
			runOnlyForDeploymentPostprocessing = 0;
		};
		9652C4912B989E63000AAC94 /* Sources */ = {
			isa = PBXSourcesBuildPhase;
			buildActionMask = 2147483647;
			files = (
				9652C49A2B989E63000AAC94 /* SimpleQuizAppForObjectiveCTests.m in Sources */,
			);
			runOnlyForDeploymentPostprocessing = 0;
		};
		9652C49B2B989E63000AAC94 /* Sources */ = {
			isa = PBXSourcesBuildPhase;
			buildActionMask = 2147483647;
			files = (
				9652C4A42B989E63000AAC94 /* SimpleQuizAppForObjectiveCUITests.m in Sources */,
				9652C4A62B989E63000AAC94 /* SimpleQuizAppForObjectiveCUITestsLaunchTests.m in Sources */,
			);
			runOnlyForDeploymentPostprocessing = 0;
		};
/* End PBXSourcesBuildPhase section */

/* Begin PBXTargetDependency section */
		9652C4972B989E63000AAC94 /* PBXTargetDependency */ = {
			isa = PBXTargetDependency;
			target = 9652C4792B989E60000AAC94 /* SimpleQuizAppForObjectiveC */;
			targetProxy = 9652C4962B989E63000AAC94 /* PBXContainerItemProxy */;
		};
		9652C4A12B989E63000AAC94 /* PBXTargetDependency */ = {
			isa = PBXTargetDependency;
			target = 9652C4792B989E60000AAC94 /* SimpleQuizAppForObjectiveC */;
			targetProxy = 9652C4A02B989E63000AAC94 /* PBXContainerItemProxy */;
		};
/* End PBXTargetDependency section */

/* Begin PBXVariantGroup section */
		9652C4862B989E60000AAC94 /* Main.storyboard */ = {
			isa = PBXVariantGroup;
			children = (
				9652C4872B989E60000AAC94 /* Base */,
			);
			name = Main.storyboard;
			sourceTree = "<group>";
		};
		9652C48B2B989E63000AAC94 /* LaunchScreen.storyboard */ = {
			isa = PBXVariantGroup;
			children = (
				9652C48C2B989E63000AAC94 /* Base */,
			);
			name = LaunchScreen.storyboard;
			sourceTree = "<group>";
		};
/* End PBXVariantGroup section */

/* Begin XCBuildConfiguration section */
		9652C4A72B989E63000AAC94 /* Debug */ = {
			isa = XCBuildConfiguration;
			buildSettings = {
				ALWAYS_SEARCH_USER_PATHS = NO;
				ASSETCATALOG_COMPILER_GENERATE_SWIFT_ASSET_SYMBOL_EXTENSIONS = YES;
				CLANG_ANALYZER_NONNULL = YES;
				CLANG_ANALYZER_NUMBER_OBJECT_CONVERSION = YES_AGGRESSIVE;
				CLANG_CXX_LANGUAGE_STANDARD = "gnu++20";
				CLANG_ENABLE_MODULES = YES;
				CLANG_ENABLE_OBJC_ARC = YES;
				CLANG_ENABLE_OBJC_WEAK = YES;
				CLANG_WARN_BLOCK_CAPTURE_AUTORELEASING = YES;
				CLANG_WARN_BOOL_CONVERSION = YES;
				CLANG_WARN_COMMA = YES;
				CLANG_WARN_CONSTANT_CONVERSION = YES;
				CLANG_WARN_DEPRECATED_OBJC_IMPLEMENTATIONS = YES;
				CLANG_WARN_DIRECT_OBJC_ISA_USAGE = YES_ERROR;
				CLANG_WARN_DOCUMENTATION_COMMENTS = YES;
				CLANG_WARN_EMPTY_BODY = YES;
				CLANG_WARN_ENUM_CONVERSION = YES;
				CLANG_WARN_INFINITE_RECURSION = YES;
				CLANG_WARN_INT_CONVERSION = YES;
				CLANG_WARN_NON_LITERAL_NULL_CONVERSION = YES;
				CLANG_WARN_OBJC_IMPLICIT_RETAIN_SELF = YES;
				CLANG_WARN_OBJC_LITERAL_CONVERSION = YES;
				CLANG_WARN_OBJC_ROOT_CLASS = YES_ERROR;
				CLANG_WARN_QUOTED_INCLUDE_IN_FRAMEWORK_HEADER = YES;
				CLANG_WARN_RANGE_LOOP_ANALYSIS = YES;
				CLANG_WARN_STRICT_PROTOTYPES = YES;
				CLANG_WARN_SUSPICIOUS_MOVE = YES;
				CLANG_WARN_UNGUARDED_AVAILABILITY = YES_AGGRESSIVE;
				CLANG_WARN_UNREACHABLE_CODE = YES;
				CLANG_WARN__DUPLICATE_METHOD_MATCH = YES;
				COPY_PHASE_STRIP = NO;
				DEBUG_INFORMATION_FORMAT = dwarf;
				ENABLE_STRICT_OBJC_MSGSEND = YES;
				ENABLE_TESTABILITY = YES;
				ENABLE_USER_SCRIPT_SANDBOXING = YES;
				GCC_C_LANGUAGE_STANDARD = gnu17;
				GCC_DYNAMIC_NO_PIC = NO;
				GCC_NO_COMMON_BLOCKS = YES;
				GCC_OPTIMIZATION_LEVEL = 0;
				GCC_PREPROCESSOR_DEFINITIONS = (
					"DEBUG=1",
					"$(inherited)",
				);
				GCC_WARN_64_TO_32_BIT_CONVERSION = YES;
				GCC_WARN_ABOUT_RETURN_TYPE = YES_ERROR;
				GCC_WARN_UNDECLARED_SELECTOR = YES;
				GCC_WARN_UNINITIALIZED_AUTOS = YES_AGGRESSIVE;
				GCC_WARN_UNUSED_FUNCTION = YES;
				GCC_WARN_UNUSED_VARIABLE = YES;
				IPHONEOS_DEPLOYMENT_TARGET = 17.2;
				LOCALIZATION_PREFERS_STRING_CATALOGS = YES;
				MTL_ENABLE_DEBUG_INFO = INCLUDE_SOURCE;
				MTL_FAST_MATH = YES;
				ONLY_ACTIVE_ARCH = YES;
				SDKROOT = iphoneos;
			};
			name = Debug;
		};
		9652C4A82B989E63000AAC94 /* Release */ = {
			isa = XCBuildConfiguration;
			buildSettings = {
				ALWAYS_SEARCH_USER_PATHS = NO;
				ASSETCATALOG_COMPILER_GENERATE_SWIFT_ASSET_SYMBOL_EXTENSIONS = YES;
				CLANG_ANALYZER_NONNULL = YES;
				CLANG_ANALYZER_NUMBER_OBJECT_CONVERSION = YES_AGGRESSIVE;
				CLANG_CXX_LANGUAGE_STANDARD = "gnu++20";
				CLANG_ENABLE_MODULES = YES;
				CLANG_ENABLE_OBJC_ARC = YES;
				CLANG_ENABLE_OBJC_WEAK = YES;
				CLANG_WARN_BLOCK_CAPTURE_AUTORELEASING = YES;
				CLANG_WARN_BOOL_CONVERSION = YES;
				CLANG_WARN_COMMA = YES;
				CLANG_WARN_CONSTANT_CONVERSION = YES;
				CLANG_WARN_DEPRECATED_OBJC_IMPLEMENTATIONS = YES;
				CLANG_WARN_DIRECT_OBJC_ISA_USAGE = YES_ERROR;
				CLANG_WARN_DOCUMENTATION_COMMENTS = YES;
				CLANG_WARN_EMPTY_BODY = YES;
				CLANG_WARN_ENUM_CONVERSION = YES;
				CLANG_WARN_INFINITE_RECURSION = YES;
				CLANG_WARN_INT_CONVERSION = YES;
				CLANG_WARN_NON_LITERAL_NULL_CONVERSION = YES;
				CLANG_WARN_OBJC_IMPLICIT_RETAIN_SELF = YES;
				CLANG_WARN_OBJC_LITERAL_CONVERSION = YES;
				CLANG_WARN_OBJC_ROOT_CLASS = YES_ERROR;
				CLANG_WARN_QUOTED_INCLUDE_IN_FRAMEWORK_HEADER = YES;
				CLANG_WARN_RANGE_LOOP_ANALYSIS = YES;
				CLANG_WARN_STRICT_PROTOTYPES = YES;
				CLANG_WARN_SUSPICIOUS_MOVE = YES;
				CLANG_WARN_UNGUARDED_AVAILABILITY = YES_AGGRESSIVE;
				CLANG_WARN_UNREACHABLE_CODE = YES;
				CLANG_WARN__DUPLICATE_METHOD_MATCH = YES;
				COPY_PHASE_STRIP = NO;
				DEBUG_INFORMATION_FORMAT = "dwarf-with-dsym";
				ENABLE_NS_ASSERTIONS = NO;
				ENABLE_STRICT_OBJC_MSGSEND = YES;
				ENABLE_USER_SCRIPT_SANDBOXING = YES;
				GCC_C_LANGUAGE_STANDARD = gnu17;
				GCC_NO_COMMON_BLOCKS = YES;
				GCC_WARN_64_TO_32_BIT_CONVERSION = YES;
				GCC_WARN_ABOUT_RETURN_TYPE = YES_ERROR;
				GCC_WARN_UNDECLARED_SELECTOR = YES;
				GCC_WARN_UNINITIALIZED_AUTOS = YES_AGGRESSIVE;
				GCC_WARN_UNUSED_FUNCTION = YES;
				GCC_WARN_UNUSED_VARIABLE = YES;
				IPHONEOS_DEPLOYMENT_TARGET = 17.2;
				LOCALIZATION_PREFERS_STRING_CATALOGS = YES;
				MTL_ENABLE_DEBUG_INFO = NO;
				MTL_FAST_MATH = YES;
				SDKROOT = iphoneos;
				VALIDATE_PRODUCT = YES;
			};
			name = Release;
		};
		9652C4AA2B989E63000AAC94 /* Debug */ = {
			isa = XCBuildConfiguration;
			buildSettings = {
				ASSETCATALOG_COMPILER_APPICON_NAME = AppIcon;
				ASSETCATALOG_COMPILER_GLOBAL_ACCENT_COLOR_NAME = AccentColor;
				CODE_SIGN_STYLE = Automatic;
				CURRENT_PROJECT_VERSION = 1;
				GENERATE_INFOPLIST_FILE = YES;
				INFOPLIST_FILE = SimpleQuizAppForObjectiveC/Info.plist;
				INFOPLIST_KEY_UIApplicationSupportsIndirectInputEvents = YES;
				INFOPLIST_KEY_UILaunchStoryboardName = LaunchScreen;
				INFOPLIST_KEY_UIMainStoryboardFile = Main;
				INFOPLIST_KEY_UISupportedInterfaceOrientations_iPad = "UIInterfaceOrientationPortrait UIInterfaceOrientationPortraitUpsideDown UIInterfaceOrientationLandscapeLeft UIInterfaceOrientationLandscapeRight";
				INFOPLIST_KEY_UISupportedInterfaceOrientations_iPhone = "UIInterfaceOrientationPortrait UIInterfaceOrientationLandscapeLeft UIInterfaceOrientationLandscapeRight";
				LD_RUNPATH_SEARCH_PATHS = (
					"$(inherited)",
					"@executable_path/Frameworks",
				);
				MARKETING_VERSION = 1.0;
				PRODUCT_BUNDLE_IDENTIFIER = com.kazu.SimpleQuizAppForObjectiveC;
				PRODUCT_NAME = "$(TARGET_NAME)";
				SWIFT_EMIT_LOC_STRINGS = YES;
				TARGETED_DEVICE_FAMILY = "1,2";
			};
			name = Debug;
		};
		9652C4AB2B989E63000AAC94 /* Release */ = {
			isa = XCBuildConfiguration;
			buildSettings = {
				ASSETCATALOG_COMPILER_APPICON_NAME = AppIcon;
				ASSETCATALOG_COMPILER_GLOBAL_ACCENT_COLOR_NAME = AccentColor;
				CODE_SIGN_STYLE = Automatic;
				CURRENT_PROJECT_VERSION = 1;
				GENERATE_INFOPLIST_FILE = YES;
				INFOPLIST_FILE = SimpleQuizAppForObjectiveC/Info.plist;
				INFOPLIST_KEY_UIApplicationSupportsIndirectInputEvents = YES;
				INFOPLIST_KEY_UILaunchStoryboardName = LaunchScreen;
				INFOPLIST_KEY_UIMainStoryboardFile = Main;
				INFOPLIST_KEY_UISupportedInterfaceOrientations_iPad = "UIInterfaceOrientationPortrait UIInterfaceOrientationPortraitUpsideDown UIInterfaceOrientationLandscapeLeft UIInterfaceOrientationLandscapeRight";
				INFOPLIST_KEY_UISupportedInterfaceOrientations_iPhone = "UIInterfaceOrientationPortrait UIInterfaceOrientationLandscapeLeft UIInterfaceOrientationLandscapeRight";
				LD_RUNPATH_SEARCH_PATHS = (
					"$(inherited)",
					"@executable_path/Frameworks",
				);
				MARKETING_VERSION = 1.0;
				PRODUCT_BUNDLE_IDENTIFIER = com.kazu.SimpleQuizAppForObjectiveC;
				PRODUCT_NAME = "$(TARGET_NAME)";
				SWIFT_EMIT_LOC_STRINGS = YES;
				TARGETED_DEVICE_FAMILY = "1,2";
			};
			name = Release;
		};
		9652C4AD2B989E63000AAC94 /* Debug */ = {
			isa = XCBuildConfiguration;
			buildSettings = {
				BUNDLE_LOADER = "$(TEST_HOST)";
				CODE_SIGN_STYLE = Automatic;
				CURRENT_PROJECT_VERSION = 1;
				GENERATE_INFOPLIST_FILE = YES;
				IPHONEOS_DEPLOYMENT_TARGET = 17.2;
				MARKETING_VERSION = 1.0;
				PRODUCT_BUNDLE_IDENTIFIER = com.kazu.SimpleQuizAppForObjectiveCTests;
				PRODUCT_NAME = "$(TARGET_NAME)";
				SWIFT_EMIT_LOC_STRINGS = NO;
				TARGETED_DEVICE_FAMILY = "1,2";
				TEST_HOST = "$(BUILT_PRODUCTS_DIR)/SimpleQuizAppForObjectiveC.app/$(BUNDLE_EXECUTABLE_FOLDER_PATH)/SimpleQuizAppForObjectiveC";
			};
			name = Debug;
		};
		9652C4AE2B989E63000AAC94 /* Release */ = {
			isa = XCBuildConfiguration;
			buildSettings = {
				BUNDLE_LOADER = "$(TEST_HOST)";
				CODE_SIGN_STYLE = Automatic;
				CURRENT_PROJECT_VERSION = 1;
				GENERATE_INFOPLIST_FILE = YES;
				IPHONEOS_DEPLOYMENT_TARGET = 17.2;
				MARKETING_VERSION = 1.0;
				PRODUCT_BUNDLE_IDENTIFIER = com.kazu.SimpleQuizAppForObjectiveCTests;
				PRODUCT_NAME = "$(TARGET_NAME)";
				SWIFT_EMIT_LOC_STRINGS = NO;
				TARGETED_DEVICE_FAMILY = "1,2";
				TEST_HOST = "$(BUILT_PRODUCTS_DIR)/SimpleQuizAppForObjectiveC.app/$(BUNDLE_EXECUTABLE_FOLDER_PATH)/SimpleQuizAppForObjectiveC";
			};
			name = Release;
		};
		9652C4B02B989E63000AAC94 /* Debug */ = {
			isa = XCBuildConfiguration;
			buildSettings = {
				CODE_SIGN_STYLE = Automatic;
				CURRENT_PROJECT_VERSION = 1;
				GENERATE_INFOPLIST_FILE = YES;
				MARKETING_VERSION = 1.0;
				PRODUCT_BUNDLE_IDENTIFIER = com.kazu.SimpleQuizAppForObjectiveCUITests;
				PRODUCT_NAME = "$(TARGET_NAME)";
				SWIFT_EMIT_LOC_STRINGS = NO;
				TARGETED_DEVICE_FAMILY = "1,2";
				TEST_TARGET_NAME = SimpleQuizAppForObjectiveC;
			};
			name = Debug;
		};
		9652C4B12B989E63000AAC94 /* Release */ = {
			isa = XCBuildConfiguration;
			buildSettings = {
				CODE_SIGN_STYLE = Automatic;
				CURRENT_PROJECT_VERSION = 1;
				GENERATE_INFOPLIST_FILE = YES;
				MARKETING_VERSION = 1.0;
				PRODUCT_BUNDLE_IDENTIFIER = com.kazu.SimpleQuizAppForObjectiveCUITests;
				PRODUCT_NAME = "$(TARGET_NAME)";
				SWIFT_EMIT_LOC_STRINGS = NO;
				TARGETED_DEVICE_FAMILY = "1,2";
				TEST_TARGET_NAME = SimpleQuizAppForObjectiveC;
			};
			name = Release;
		};
/* End XCBuildConfiguration section */

/* Begin XCConfigurationList section */
		9652C4752B989E60000AAC94 /* Build configuration list for PBXProject "SimpleQuizAppForObjectiveC" */ = {
			isa = XCConfigurationList;
			buildConfigurations = (
				9652C4A72B989E63000AAC94 /* Debug */,
				9652C4A82B989E63000AAC94 /* Release */,
			);
			defaultConfigurationIsVisible = 0;
			defaultConfigurationName = Release;
		};
		9652C4A92B989E63000AAC94 /* Build configuration list for PBXNativeTarget "SimpleQuizAppForObjectiveC" */ = {
			isa = XCConfigurationList;
			buildConfigurations = (
				9652C4AA2B989E63000AAC94 /* Debug */,
				9652C4AB2B989E63000AAC94 /* Release */,
			);
			defaultConfigurationIsVisible = 0;
			defaultConfigurationName = Release;
		};
		9652C4AC2B989E63000AAC94 /* Build configuration list for PBXNativeTarget "SimpleQuizAppForObjectiveCTests" */ = {
			isa = XCConfigurationList;
			buildConfigurations = (
				9652C4AD2B989E63000AAC94 /* Debug */,
				9652C4AE2B989E63000AAC94 /* Release */,
			);
			defaultConfigurationIsVisible = 0;
			defaultConfigurationName = Release;
		};
		9652C4AF2B989E63000AAC94 /* Build configuration list for PBXNativeTarget "SimpleQuizAppForObjectiveCUITests" */ = {
			isa = XCConfigurationList;
			buildConfigurations = (
				9652C4B02B989E63000AAC94 /* Debug */,
				9652C4B12B989E63000AAC94 /* Release */,
			);
			defaultConfigurationIsVisible = 0;
			defaultConfigurationName = Release;
		};
/* End XCConfigurationList section */
	};
	rootObject = 9652C4722B989E60000AAC94 /* Project object */;
}
